
Microsoft Visual Studio Solution File, Format Version 12.00
# Visual Studio Version 16
VisualStudioVersion = 16.0.29306.81
MinimumVisualStudioVersion = 10.0.40219.1
Project("{9A19103F-16F7-4668-BE54-9A1E7A4F7556}") = "CQRS.Extensions", "CQRS.Extensions\CQRS.Extensions.csproj", "{D29C5234-6881-453E-B664-9DE2622B7C90}"
EndProject
Project("{FAE04EC0-301F-11D3-BF4B-00C04F79EFBC}") = "CQRS.Extensions.AspNetMVC", "CQRS.Extensions.AspNetMVC\CQRS.Extensions.AspNetMVC.csproj", "{87B71368-7493-4335-9FFE-5BC4B81356AA}"
EndProject
Global
	GlobalSection(SolutionConfigurationPlatforms) = preSolution
		Debug|Any CPU = Debug|Any CPU
		Release|Any CPU = Release|Any CPU
	EndGlobalSection
	GlobalSection(ProjectConfigurationPlatforms) = postSolution
		{D29C5234-6881-453E-B664-9DE2622B7C90}.Debug|Any CPU.ActiveCfg = Debug|Any CPU
		{D29C5234-6881-453E-B664-9DE2622B7C90}.Debug|Any CPU.Build.0 = Debug|Any CPU
		{D29C5234-6881-453E-B664-9DE2622B7C90}.Release|Any CPU.ActiveCfg = Release|Any CPU
		{D29C5234-6881-453E-B664-9DE2622B7C90}.Release|Any CPU.Build.0 = Release|Any CPU
		{87B71368-7493-4335-9FFE-5BC4B81356AA}.Debug|Any CPU.ActiveCfg = Debug|Any CPU
		{87B71368-7493-4335-9FFE-5BC4B81356AA}.Debug|Any CPU.Build.0 = Debug|Any CPU
		{87B71368-7493-4335-9FFE-5BC4B81356AA}.Release|Any CPU.ActiveCfg = Release|Any CPU
		{87B71368-7493-4335-9FFE-5BC4B81356AA}.Release|Any CPU.Build.0 = Release|Any CPU
	EndGlobalSection
	GlobalSection(SolutionProperties) = preSolution
		HideSolutionNode = FALSE
	EndGlobalSection
	GlobalSection(ExtensibilityGlobals) = postSolution
		SolutionGuid = {4A89DC00-C7F7-47DE-B42F-4E28E5B95002}
	EndGlobalSection
EndGlobal
